
Microsoft Visual Studio Solution File, Format Version 12.00
# Visual Studio Version 17
VisualStudioVersion = 17.9.34723.18
MinimumVisualStudioVersion = 10.0.40219.1
Project("{FAE04EC0-301F-11D3-BF4B-00C04F79EFBC}") = "DevFreela.Payments.API", "DevFreela.Payments.API.csproj", "{B3506DC9-A9DA-46EB-A662-30A9B1BCCC9C}"
EndProject
Global
	GlobalSection(SolutionConfigurationPlatforms) = preSolution
		Debug|Any CPU = Debug|Any CPU
		Release|Any CPU = Release|Any CPU
	EndGlobalSection
	GlobalSection(ProjectConfigurationPlatforms) = postSolution
		{B3506DC9-A9DA-46EB-A662-30A9B1BCCC9C}.Debug|Any CPU.ActiveCfg = Debug|Any CPU
		{B3506DC9-A9DA-46EB-A662-30A9B1BCCC9C}.Debug|Any CPU.Build.0 = Debug|Any CPU
		{B3506DC9-A9DA-46EB-A662-30A9B1BCCC9C}.Release|Any CPU.ActiveCfg = Release|Any CPU
		{B3506DC9-A9DA-46EB-A662-30A9B1BCCC9C}.Release|Any CPU.Build.0 = Release|Any CPU
	EndGlobalSection
	GlobalSection(SolutionProperties) = preSolution
		HideSolutionNode = FALSE
	EndGlobalSection
	GlobalSection(ExtensibilityGlobals) = postSolution
		SolutionGuid = {F0D31CC7-303D-4129-A107-1F29E5620B5F}
	EndGlobalSection
EndGlobal
